
Microsoft Visual Studio Solution File, Format Version 12.00
# Visual Studio Version 17
VisualStudioVersion = 17.13.35825.156
MinimumVisualStudioVersion = 10.0.40219.1
Project("{FAE04EC0-301F-11D3-BF4B-00C04F79EFBC}") = "Targ_Auto", "Proiect PIU\Targ_Auto.csproj", "{FB04A779-FB03-46BC-AA50-4C452ED73092}"
EndProject
Global
	GlobalSection(SolutionConfigurationPlatforms) = preSolution
		Debug|Any CPU = Debug|Any CPU
		Release|Any CPU = Release|Any CPU
	EndGlobalSection
	GlobalSection(ProjectConfigurationPlatforms) = postSolution
		{FB04A779-FB03-46BC-AA50-4C452ED73092}.Debug|Any CPU.ActiveCfg = Debug|Any CPU
		{FB04A779-FB03-46BC-AA50-4C452ED73092}.Debug|Any CPU.Build.0 = Debug|Any CPU
		{FB04A779-FB03-46BC-AA50-4C452ED73092}.Release|Any CPU.ActiveCfg = Release|Any CPU
		{FB04A779-FB03-46BC-AA50-4C452ED73092}.Release|Any CPU.Build.0 = Release|Any CPU
	EndGlobalSection
	GlobalSection(SolutionProperties) = preSolution
		HideSolutionNode = FALSE
	EndGlobalSection
	GlobalSection(ExtensibilityGlobals) = postSolution
		SolutionGuid = {B523E68E-89F9-4EFC-AFC7-B43247609BD5}
	EndGlobalSection
EndGlobal
